
Microsoft Visual Studio Solution File, Format Version 12.00
# Visual Studio Version 17
VisualStudioVersion = 17.5.33424.131
MinimumVisualStudioVersion = 10.0.40219.1
Project("{FAE04EC0-301F-11D3-BF4B-00C04F79EFBC}") = "SurveyTask", "SurveyTask\SurveyTask.csproj", "{FDE6981E-9D10-465D-A155-5FD612DC07F8}"
EndProject
Global
	GlobalSection(SolutionConfigurationPlatforms) = preSolution
		Debug|Any CPU = Debug|Any CPU
		Release|Any CPU = Release|Any CPU
	EndGlobalSection
	GlobalSection(ProjectConfigurationPlatforms) = postSolution
		{FDE6981E-9D10-465D-A155-5FD612DC07F8}.Debug|Any CPU.ActiveCfg = Debug|Any CPU
		{FDE6981E-9D10-465D-A155-5FD612DC07F8}.Debug|Any CPU.Build.0 = Debug|Any CPU
		{FDE6981E-9D10-465D-A155-5FD612DC07F8}.Release|Any CPU.ActiveCfg = Release|Any CPU
		{FDE6981E-9D10-465D-A155-5FD612DC07F8}.Release|Any CPU.Build.0 = Release|Any CPU
	EndGlobalSection
	GlobalSection(SolutionProperties) = preSolution
		HideSolutionNode = FALSE
	EndGlobalSection
	GlobalSection(ExtensibilityGlobals) = postSolution
		SolutionGuid = {6538E667-245D-4AC0-BA34-91BC021E53F9}
	EndGlobalSection
EndGlobal
